Microsoft Visual Studio Solution File, Format Version 12.00
# Visual Studio Version 17
VisualStudioVersion = 17.5.2.0
MinimumVisualStudioVersion = 10.0.40219.1
Project("{FAE04EC0-301F-11D3-BF4B-00C04F79EFBC}") = "COM5005.Web", "COM5005.Web.csproj", "{A8C26D1D-BF99-2771-7CA0-B6E3B8EA8EBB}"
EndProject
Global
	GlobalSection(SolutionConfigurationPlatforms) = preSolution
		Debug|Any CPU = Debug|Any CPU
		Release|Any CPU = Release|Any CPU
	EndGlobalSection
	GlobalSection(ProjectConfigurationPlatforms) = postSolution
		{A8C26D1D-BF99-2771-7CA0-B6E3B8EA8EBB}.Debug|Any CPU.ActiveCfg = Debug|Any CPU
		{A8C26D1D-BF99-2771-7CA0-B6E3B8EA8EBB}.Debug|Any CPU.Build.0 = Debug|Any CPU
		{A8C26D1D-BF99-2771-7CA0-B6E3B8EA8EBB}.Release|Any CPU.ActiveCfg = Release|Any CPU
		{A8C26D1D-BF99-2771-7CA0-B6E3B8EA8EBB}.Release|Any CPU.Build.0 = Release|Any CPU
	EndGlobalSection
	GlobalSection(SolutionProperties) = preSolution
		HideSolutionNode = FALSE
	EndGlobalSection
	GlobalSection(ExtensibilityGlobals) = postSolution
		SolutionGuid = {3169EDAD-122D-4C3D-85CC-BA67889B6AA6}
	EndGlobalSection
EndGlobal
